
Microsoft Visual Studio Solution File, Format Version 12.00
# Visual Studio Version 16
VisualStudioVersion = 16.0.30907.101
MinimumVisualStudioVersion = 10.0.40219.1
Project("{FAE04EC0-301F-11D3-BF4B-00C04F79EFBC}") = "PrimeNumberMatrixGenerator", "PrimeNumberMatrixGenerator.csproj", "{A40171E0-F427-4FE2-9B97-2F8C42B88B65}"
EndProject
Project("{FAE04EC0-301F-11D3-BF4B-00C04F79EFBC}") = "PrimeNumberMatrixGeneratorTests", "..\PrimeNumberMatrixGeneratorTests\PrimeNumberMatrixGeneratorTests.csproj", "{AD49651F-3167-42ED-879F-65FBD7794D56}"
EndProject
Global
	GlobalSection(SolutionConfigurationPlatforms) = preSolution
		Debug|Any CPU = Debug|Any CPU
		Release|Any CPU = Release|Any CPU
	EndGlobalSection
	GlobalSection(ProjectConfigurationPlatforms) = postSolution
		{A40171E0-F427-4FE2-9B97-2F8C42B88B65}.Debug|Any CPU.ActiveCfg = Debug|Any CPU
		{A40171E0-F427-4FE2-9B97-2F8C42B88B65}.Debug|Any CPU.Build.0 = Debug|Any CPU
		{A40171E0-F427-4FE2-9B97-2F8C42B88B65}.Release|Any CPU.ActiveCfg = Release|Any CPU
		{A40171E0-F427-4FE2-9B97-2F8C42B88B65}.Release|Any CPU.Build.0 = Release|Any CPU
		{AD49651F-3167-42ED-879F-65FBD7794D56}.Debug|Any CPU.ActiveCfg = Debug|Any CPU
		{AD49651F-3167-42ED-879F-65FBD7794D56}.Debug|Any CPU.Build.0 = Debug|Any CPU
		{AD49651F-3167-42ED-879F-65FBD7794D56}.Release|Any CPU.ActiveCfg = Release|Any CPU
		{AD49651F-3167-42ED-879F-65FBD7794D56}.Release|Any CPU.Build.0 = Release|Any CPU
	EndGlobalSection
	GlobalSection(SolutionProperties) = preSolution
		HideSolutionNode = FALSE
	EndGlobalSection
	GlobalSection(ExtensibilityGlobals) = postSolution
		SolutionGuid = {B38ECBEA-6EB7-45A2-80DC-79A316B041A8}
	EndGlobalSection
EndGlobal
